
Microsoft Visual Studio Solution File, Format Version 12.00
# Visual Studio Version 16
VisualStudioVersion = 16.0.29911.84
MinimumVisualStudioVersion = 10.0.40219.1
Project("{9A19103F-16F7-4668-BE54-9A1E7A4F7556}") = "ASPNet Core MVC", "ASPNet Core MVC\ASPNet Core MVC.csproj", "{29B878F7-074C-43C6-93D1-2D4D3E6AE002}"
EndProject
Global
	GlobalSection(SolutionConfigurationPlatforms) = preSolution
		Debug|Any CPU = Debug|Any CPU
		Release|Any CPU = Release|Any CPU
	EndGlobalSection
	GlobalSection(ProjectConfigurationPlatforms) = postSolution
		{29B878F7-074C-43C6-93D1-2D4D3E6AE002}.Debug|Any CPU.ActiveCfg = Debug|Any CPU
		{29B878F7-074C-43C6-93D1-2D4D3E6AE002}.Debug|Any CPU.Build.0 = Debug|Any CPU
		{29B878F7-074C-43C6-93D1-2D4D3E6AE002}.Release|Any CPU.ActiveCfg = Release|Any CPU
		{29B878F7-074C-43C6-93D1-2D4D3E6AE002}.Release|Any CPU.Build.0 = Release|Any CPU
	EndGlobalSection
	GlobalSection(SolutionProperties) = preSolution
		HideSolutionNode = FALSE
	EndGlobalSection
	GlobalSection(ExtensibilityGlobals) = postSolution
		SolutionGuid = {EDB398DA-F13B-4248-B205-98E524B30BA9}
	EndGlobalSection
EndGlobal
